// !$*UTF8*$!
{
	archiveVersion = 1;
	classes = {
	};
	objectVersion = 50;
	objects = {

/* Begin PBXBuildFile section */
		12955A6A6A73A4D54557255B /* Pods_NakamaTestSwfitTests.framework in Frameworks */ = {isa = PBXBuildFile; fileRef = ACBB7185871A02AA2DDEC7AF /* Pods_NakamaTestSwfitTests.framework */; };
		3B3CF563A3594B27AE03BCE2 /* Pods_NakamaTestSwfit_NakamaTestSwfitUITests.framework in Frameworks */ = {isa = PBXBuildFile; fileRef = 4BF1CF5D2296DEC23B8B1F14 /* Pods_NakamaTestSwfit_NakamaTestSwfitUITests.framework */; };
		9DF38168261E23CC0016E2C9 /* AppDelegate.swift in Sources */ = {isa = PBXBuildFile; fileRef = 9DF38167261E23CC0016E2C9 /* AppDelegate.swift */; };
		9DF3816A261E23CC0016E2C9 /* SceneDelegate.swift in Sources */ = {isa = PBXBuildFile; fileRef = 9DF38169261E23CC0016E2C9 /* SceneDelegate.swift */; };
		9DF3816C261E23CC0016E2C9 /* ViewController.swift in Sources */ = {isa = PBXBuildFile; fileRef = 9DF3816B261E23CC0016E2C9 /* ViewController.swift */; };
		9DF3816F261E23CC0016E2C9 /* Main.storyboard in Resources */ = {isa = PBXBuildFile; fileRef = 9DF3816D261E23CC0016E2C9 /* Main.storyboard */; };
		9DF38172261E23CC0016E2C9 /* NakamaTestSwfit.xcdatamodeld in Sources */ = {isa = PBXBuildFile; fileRef = 9DF38170261E23CC0016E2C9 /* NakamaTestSwfit.xcdatamodeld */; };
		9DF38174261E23CD0016E2C9 /* Assets.xcassets in Resources */ = {isa = PBXBuildFile; fileRef = 9DF38173261E23CD0016E2C9 /* Assets.xcassets */; };
		9DF38177261E23CD0016E2C9 /* LaunchScreen.storyboard in Resources */ = {isa = PBXBuildFile; fileRef = 9DF38175261E23CD0016E2C9 /* LaunchScreen.storyboard */; };
		9DF38182261E23CD0016E2C9 /* NakamaTestSwfitTests.swift in Sources */ = {isa = PBXBuildFile; fileRef = 9DF38181261E23CD0016E2C9 /* NakamaTestSwfitTests.swift */; };
		9DF3818D261E23CD0016E2C9 /* NakamaTestSwfitUITests.swift in Sources */ = {isa = PBXBuildFile; fileRef = 9DF3818C261E23CD0016E2C9 /* NakamaTestSwfitUITests.swift */; };
		E6E15B90E195D9D6886E2C04 /* Pods_NakamaTestSwfit.framework in Frameworks */ = {isa = PBXBuildFile; fileRef = 6EDA9C30217F77961D230D66 /* Pods_NakamaTestSwfit.framework */; };
/* End PBXBuildFile section */

/* Begin PBXContainerItemProxy section */
		9DF3817E261E23CD0016E2C9 /* PBXContainerItemProxy */ = {
			isa = PBXContainerItemProxy;
			containerPortal = 9DF3815C261E23CC0016E2C9 /* Project object */;
			proxyType = 1;
			remoteGlobalIDString = 9DF38163261E23CC0016E2C9;
			remoteInfo = NakamaTestSwfit;
		};
		9DF38189261E23CD0016E2C9 /* PBXContainerItemProxy */ = {
			isa = PBXContainerItemProxy;
			containerPortal = 9DF3815C261E23CC0016E2C9 /* Project object */;
			proxyType = 1;
			remoteGlobalIDString = 9DF38163261E23CC0016E2C9;
			remoteInfo = NakamaTestSwfit;
		};
/* End PBXContainerItemProxy section */

/* Begin PBXFileReference section */
		4BF1CF5D2296DEC23B8B1F14 /* Pods_NakamaTestSwfit_NakamaTestSwfitUITests.framework */ = {isa = PBXFileReference; explicitFileType = wrapper.framework; includeInIndex = 0; path = Pods_NakamaTestSwfit_NakamaTestSwfitUITests.framework; sourceTree = BUILT_PRODUCTS_DIR; };
		5E8977F32D4D0D5CDF4CD33A /* Pods-NakamaTestSwfit-NakamaTestSwfitUITests.release.xcconfig */ = {isa = PBXFileReference; includeInIndex = 1; lastKnownFileType = text.xcconfig; name = "Pods-NakamaTestSwfit-NakamaTestSwfitUITests.release.xcconfig"; path = "Target Support Files/Pods-NakamaTestSwfit-NakamaTestSwfitUITests/Pods-NakamaTestSwfit-NakamaTestSwfitUITests.release.xcconfig"; sourceTree = "<group>"; };
		6EDA9C30217F77961D230D66 /* Pods_NakamaTestSwfit.framework */ = {isa = PBXFileReference; explicitFileType = wrapper.framework; includeInIndex = 0; path = Pods_NakamaTestSwfit.framework; sourceTree = BUILT_PRODUCTS_DIR; };
		913EF2E9D077763605DC51B4 /* Pods-NakamaTestSwfitTests.debug.xcconfig */ = {isa = PBXFileReference; includeInIndex = 1; lastKnownFileType = text.xcconfig; name = "Pods-NakamaTestSwfitTests.debug.xcconfig"; path = "Target Support Files/Pods-NakamaTestSwfitTests/Pods-NakamaTestSwfitTests.debug.xcconfig"; sourceTree = "<group>"; };
		9DF38164261E23CC0016E2C9 /* NakamaTestSwfit.app */ = {isa = PBXFileReference; explicitFileType = wrapper.application; includeInIndex = 0; path = NakamaTestSwfit.app; sourceTree = BUILT_PRODUCTS_DIR; };
		9DF38167261E23CC0016E2C9 /* AppDelegate.swift */ = {isa = PBXFileReference; lastKnownFileType = sourcecode.swift; path = AppDelegate.swift; sourceTree = "<group>"; };
		9DF38169261E23CC0016E2C9 /* SceneDelegate.swift */ = {isa = PBXFileReference; lastKnownFileType = sourcecode.swift; path = SceneDelegate.swift; sourceTree = "<group>"; };
		9DF3816B261E23CC0016E2C9 /* ViewController.swift */ = {isa = PBXFileReference; lastKnownFileType = sourcecode.swift; path = ViewController.swift; sourceTree = "<group>"; };
		9DF3816E261E23CC0016E2C9 /* Base */ = {isa = PBXFileReference; lastKnownFileType = file.storyboard; name = Base; path = Base.lproj/Main.storyboard; sourceTree = "<group>"; };
		9DF38171261E23CC0016E2C9 /* NakamaTestSwfit.xcdatamodel */ = {isa = PBXFileReference; lastKnownFileType = wrapper.xcdatamodel; path = NakamaTestSwfit.xcdatamodel; sourceTree = "<group>"; };
		9DF38173261E23CD0016E2C9 /* Assets.xcassets */ = {isa = PBXFileReference; lastKnownFileType = folder.assetcatalog; path = Assets.xcassets; sourceTree = "<group>"; };
		9DF38176261E23CD0016E2C9 /* Base */ = {isa = PBXFileReference; lastKnownFileType = file.storyboard; name = Base; path = Base.lproj/LaunchScreen.storyboard; sourceTree = "<group>"; };
		9DF38178261E23CD0016E2C9 /* Info.plist */ = {isa = PBXFileReference; lastKnownFileType = text.plist.xml; path = Info.plist; sourceTree = "<group>"; };
		9DF3817D261E23CD0016E2C9 /* NakamaTestSwfitTests.xctest */ = {isa = PBXFileReference; explicitFileType = wrapper.cfbundle; includeInIndex = 0; path = NakamaTestSwfitTests.xctest; sourceTree = BUILT_PRODUCTS_DIR; };
		9DF38181261E23CD0016E2C9 /* NakamaTestSwfitTests.swift */ = {isa = PBXFileReference; lastKnownFileType = sourcecode.swift; path = NakamaTestSwfitTests.swift; sourceTree = "<group>"; };
		9DF38183261E23CD0016E2C9 /* Info.plist */ = {isa = PBXFileReference; lastKnownFileType = text.plist.xml; path = Info.plist; sourceTree = "<group>"; };
		9DF38188261E23CD0016E2C9 /* NakamaTestSwfitUITests.xctest */ = {isa = PBXFileReference; explicitFileType = wrapper.cfbundle; includeInIndex = 0; path = NakamaTestSwfitUITests.xctest; sourceTree = BUILT_PRODUCTS_DIR; };
		9DF3818C261E23CD0016E2C9 /* NakamaTestSwfitUITests.swift */ = {isa = PBXFileReference; lastKnownFileType = sourcecode.swift; path = NakamaTestSwfitUITests.swift; sourceTree = "<group>"; };
		9DF3818E261E23CD0016E2C9 /* Info.plist */ = {isa = PBXFileReference; lastKnownFileType = text.plist.xml; path = Info.plist; sourceTree = "<group>"; };
		ACBB7185871A02AA2DDEC7AF /* Pods_NakamaTestSwfitTests.framework */ = {isa = PBXFileReference; explicitFileType = wrapper.framework; includeInIndex = 0; path = Pods_NakamaTestSwfitTests.framework; sourceTree = BUILT_PRODUCTS_DIR; };
		C47077E5F2D1BDCF769E61E1 /* Pods-NakamaTestSwfitTests.release.xcconfig */ = {isa = PBXFileReference; includeInIndex = 1; lastKnownFileType = text.xcconfig; name = "Pods-NakamaTestSwfitTests.release.xcconfig"; path = "Target Support Files/Pods-NakamaTestSwfitTests/Pods-NakamaTestSwfitTests.release.xcconfig"; sourceTree = "<group>"; };
		D68B2D3A67CE0519F5DAEE34 /* Pods-NakamaTestSwfit.release.xcconfig */ = {isa = PBXFileReference; includeInIndex = 1; lastKnownFileType = text.xcconfig; name = "Pods-NakamaTestSwfit.release.xcconfig"; path = "Target Support Files/Pods-NakamaTestSwfit/Pods-NakamaTestSwfit.release.xcconfig"; sourceTree = "<group>"; };
		E2B515883356EFF398D8D769 /* Pods-NakamaTestSwfit-NakamaTestSwfitUITests.debug.xcconfig */ = {isa = PBXFileReference; includeInIndex = 1; lastKnownFileType = text.xcconfig; name = "Pods-NakamaTestSwfit-NakamaTestSwfitUITests.debug.xcconfig"; path = "Target Support Files/Pods-NakamaTestSwfit-NakamaTestSwfitUITests/Pods-NakamaTestSwfit-NakamaTestSwfitUITests.debug.xcconfig"; sourceTree = "<group>"; };
		F25672D7C9D5306A5C8B661C /* Pods-NakamaTestSwfit.debug.xcconfig */ = {isa = PBXFileReference; includeInIndex = 1; lastKnownFileType = text.xcconfig; name = "Pods-NakamaTestSwfit.debug.xcconfig"; path = "Target Support Files/Pods-NakamaTestSwfit/Pods-NakamaTestSwfit.debug.xcconfig"; sourceTree = "<group>"; };
/* End PBXFileReference section */

/* Begin PBXFrameworksBuildPhase section */
		9DF38161261E23CC0016E2C9 /* Frameworks */ = {
			isa = PBXFrameworksBuildPhase;
			buildActionMask = 2147483647;
			files = (
				E6E15B90E195D9D6886E2C04 /* Pods_NakamaTestSwfit.framework in Frameworks */,
			);
			runOnlyForDeploymentPostprocessing = 0;
		};
		9DF3817A261E23CD0016E2C9 /* Frameworks */ = {
			isa = PBXFrameworksBuildPhase;
			buildActionMask = 2147483647;
			files = (
				12955A6A6A73A4D54557255B /* Pods_NakamaTestSwfitTests.framework in Frameworks */,
			);
			runOnlyForDeploymentPostprocessing = 0;
		};
		9DF38185261E23CD0016E2C9 /* Frameworks */ = {
			isa = PBXFrameworksBuildPhase;
			buildActionMask = 2147483647;
			files = (
				3B3CF563A3594B27AE03BCE2 /* Pods_NakamaTestSwfit_NakamaTestSwfitUITests.framework in Frameworks */,
			);
			runOnlyForDeploymentPostprocessing = 0;
		};
/* End PBXFrameworksBuildPhase section */

/* Begin PBXGroup section */
		65F98D24BED53287490C67B7 /* Pods */ = {
			isa = PBXGroup;
			children = (
				F25672D7C9D5306A5C8B661C /* Pods-NakamaTestSwfit.debug.xcconfig */,
				D68B2D3A67CE0519F5DAEE34 /* Pods-NakamaTestSwfit.release.xcconfig */,
				E2B515883356EFF398D8D769 /* Pods-NakamaTestSwfit-NakamaTestSwfitUITests.debug.xcconfig */,
				5E8977F32D4D0D5CDF4CD33A /* Pods-NakamaTestSwfit-NakamaTestSwfitUITests.release.xcconfig */,
				913EF2E9D077763605DC51B4 /* Pods-NakamaTestSwfitTests.debug.xcconfig */,
				C47077E5F2D1BDCF769E61E1 /* Pods-NakamaTestSwfitTests.release.xcconfig */,
			);
			name = Pods;
			path = Pods;
			sourceTree = "<group>";
		};
		718C43F8D533A12B8D928A6F /* Frameworks */ = {
			isa = PBXGroup;
			children = (
				6EDA9C30217F77961D230D66 /* Pods_NakamaTestSwfit.framework */,
				4BF1CF5D2296DEC23B8B1F14 /* Pods_NakamaTestSwfit_NakamaTestSwfitUITests.framework */,
				ACBB7185871A02AA2DDEC7AF /* Pods_NakamaTestSwfitTests.framework */,
			);
			name = Frameworks;
			sourceTree = "<group>";
		};
		9DF3815B261E23CC0016E2C9 = {
			isa = PBXGroup;
			children = (
				9DF38166261E23CC0016E2C9 /* NakamaTestSwfit */,
				9DF38180261E23CD0016E2C9 /* NakamaTestSwfitTests */,
				9DF3818B261E23CD0016E2C9 /* NakamaTestSwfitUITests */,
				9DF38165261E23CC0016E2C9 /* Products */,
				65F98D24BED53287490C67B7 /* Pods */,
				718C43F8D533A12B8D928A6F /* Frameworks */,
			);
			sourceTree = "<group>";
		};
		9DF38165261E23CC0016E2C9 /* Products */ = {
			isa = PBXGroup;
			children = (
				9DF38164261E23CC0016E2C9 /* NakamaTestSwfit.app */,
				9DF3817D261E23CD0016E2C9 /* NakamaTestSwfitTests.xctest */,
				9DF38188261E23CD0016E2C9 /* NakamaTestSwfitUITests.xctest */,
			);
			name = Products;
			sourceTree = "<group>";
		};
		9DF38166261E23CC0016E2C9 /* NakamaTestSwfit */ = {
			isa = PBXGroup;
			children = (
				9DF38167261E23CC0016E2C9 /* AppDelegate.swift */,
				9DF38169261E23CC0016E2C9 /* SceneDelegate.swift */,
				9DF3816B261E23CC0016E2C9 /* ViewController.swift */,
				9DF3816D261E23CC0016E2C9 /* Main.storyboard */,
				9DF38173261E23CD0016E2C9 /* Assets.xcassets */,
				9DF38175261E23CD0016E2C9 /* LaunchScreen.storyboard */,
				9DF38178261E23CD0016E2C9 /* Info.plist */,
				9DF38170261E23CC0016E2C9 /* NakamaTestSwfit.xcdatamodeld */,
			);
			path = NakamaTestSwfit;
			sourceTree = "<group>";
		};
		9DF38180261E23CD0016E2C9 /* NakamaTestSwfitTests */ = {
			isa = PBXGroup;
			children = (
				9DF38181261E23CD0016E2C9 /* NakamaTestSwfitTests.swift */,
				9DF38183261E23CD0016E2C9 /* Info.plist */,
			);
			path = NakamaTestSwfitTests;
			sourceTree = "<group>";
		};
		9DF3818B261E23CD0016E2C9 /* NakamaTestSwfitUITests */ = {
			isa = PBXGroup;
			children = (
				9DF3818C261E23CD0016E2C9 /* NakamaTestSwfitUITests.swift */,
				9DF3818E261E23CD0016E2C9 /* Info.plist */,
			);
			path = NakamaTestSwfitUITests;
			sourceTree = "<group>";
		};
/* End PBXGroup section */

/* Begin PBXNativeTarget section */
		9DF38163261E23CC0016E2C9 /* NakamaTestSwfit */ = {
			isa = PBXNativeTarget;
			buildConfigurationList = 9DF38191261E23CD0016E2C9 /* Build configuration list for PBXNativeTarget "NakamaTestSwfit" */;
			buildPhases = (
				BABE4E89AE97284B4DF039A0 /* [CP] Check Pods Manifest.lock */,
				9DF38160261E23CC0016E2C9 /* Sources */,
				9DF38161261E23CC0016E2C9 /* Frameworks */,
				9DF38162261E23CC0016E2C9 /* Resources */,
				3661B8F0F80CC956101DA08C /* [CP] Embed Pods Frameworks */,
			);
			buildRules = (
			);
			dependencies = (
			);
			name = NakamaTestSwfit;
			productName = NakamaTestSwfit;
			productReference = 9DF38164261E23CC0016E2C9 /* NakamaTestSwfit.app */;
			productType = "com.apple.product-type.application";
		};
		9DF3817C261E23CD0016E2C9 /* NakamaTestSwfitTests */ = {
			isa = PBXNativeTarget;
			buildConfigurationList = 9DF38194261E23CD0016E2C9 /* Build configuration list for PBXNativeTarget "NakamaTestSwfitTests" */;
			buildPhases = (
				F64BE1182275E5BE10A697C9 /* [CP] Check Pods Manifest.lock */,
				9DF38179261E23CD0016E2C9 /* Sources */,
				9DF3817A261E23CD0016E2C9 /* Frameworks */,
				9DF3817B261E23CD0016E2C9 /* Resources */,
			);
			buildRules = (
			);
			dependencies = (
				9DF3817F261E23CD0016E2C9 /* PBXTargetDependency */,
			);
			name = NakamaTestSwfitTests;
			productName = NakamaTestSwfitTests;
			productReference = 9DF3817D261E23CD0016E2C9 /* NakamaTestSwfitTests.xctest */;
			productType = "com.apple.product-type.bundle.unit-test";
		};
		9DF38187261E23CD0016E2C9 /* NakamaTestSwfitUITests */ = {
			isa = PBXNativeTarget;
			buildConfigurationList = 9DF38197261E23CD0016E2C9 /* Build configuration list for PBXNativeTarget "NakamaTestSwfitUITests" */;
			buildPhases = (
				C7D39B9371C94C43A17C82EE /* [CP] Check Pods Manifest.lock */,
				9DF38184261E23CD0016E2C9 /* Sources */,
				9DF38185261E23CD0016E2C9 /* Frameworks */,
				9DF38186261E23CD0016E2C9 /* Resources */,
				DC882D0E9D70966919363277 /* [CP] Embed Pods Frameworks */,
			);
			buildRules = (
			);
			dependencies = (
				9DF3818A261E23CD0016E2C9 /* PBXTargetDependency */,
			);
			name = NakamaTestSwfitUITests;
			productName = NakamaTestSwfitUITests;
			productReference = 9DF38188261E23CD0016E2C9 /* NakamaTestSwfitUITests.xctest */;
			productType = "com.apple.product-type.bundle.ui-testing";
		};
/* End PBXNativeTarget section */

/* Begin PBXProject section */
		9DF3815C261E23CC0016E2C9 /* Project object */ = {
			isa = PBXProject;
			attributes = {
				LastSwiftUpdateCheck = 1240;
				LastUpgradeCheck = 1240;
				TargetAttributes = {
					9DF38163261E23CC0016E2C9 = {
						CreatedOnToolsVersion = 12.4;
					};
					9DF3817C261E23CD0016E2C9 = {
						CreatedOnToolsVersion = 12.4;
						TestTargetID = 9DF38163261E23CC0016E2C9;
					};
					9DF38187261E23CD0016E2C9 = {
						CreatedOnToolsVersion = 12.4;
						TestTargetID = 9DF38163261E23CC0016E2C9;
					};
				};
			};
			buildConfigurationList = 9DF3815F261E23CC0016E2C9 /* Build configuration list for PBXProject "NakamaTestSwfit" */;
			compatibilityVersion = "Xcode 9.3";
			developmentRegion = en;
			hasScannedForEncodings = 0;
			knownRegions = (
				en,
				Base,
			);
			mainGroup = 9DF3815B261E23CC0016E2C9;
			productRefGroup = 9DF38165261E23CC0016E2C9 /* Products */;
			projectDirPath = "";
			projectRoot = "";
			targets = (
				9DF38163261E23CC0016E2C9 /* NakamaTestSwfit */,
				9DF3817C261E23CD0016E2C9 /* NakamaTestSwfitTests */,
				9DF38187261E23CD0016E2C9 /* NakamaTestSwfitUITests */,
			);
		};
/* End PBXProject section */

/* Begin PBXResourcesBuildPhase section */
		9DF38162261E23CC0016E2C9 /* Resources */ = {
			isa = PBXResourcesBuildPhase;
			buildActionMask = 2147483647;
			files = (
				9DF38177261E23CD0016E2C9 /* LaunchScreen.storyboard in Resources */,
				9DF38174261E23CD0016E2C9 /* Assets.xcassets in Resources */,
				9DF3816F261E23CC0016E2C9 /* Main.storyboard in Resources */,
			);
			runOnlyForDeploymentPostprocessing = 0;
		};
		9DF3817B261E23CD0016E2C9 /* Resources */ = {
			isa = PBXResourcesBuildPhase;
			buildActionMask = 2147483647;
			files = (
			);
			runOnlyForDeploymentPostprocessing = 0;
		};
		9DF38186261E23CD0016E2C9 /* Resources */ = {
			isa = PBXResourcesBuildPhase;
			buildActionMask = 2147483647;
			files = (
			);
			runOnlyForDeploymentPostprocessing = 0;
		};
/* End PBXResourcesBuildPhase section */

/* Begin PBXShellScriptBuildPhase section */
		3661B8F0F80CC956101DA08C /* [CP] Embed Pods Frameworks */ = {
			isa = PBXShellScriptBuildPhase;
			buildActionMask = 2147483647;
			files = (
			);
			inputFileListPaths = (
				"${PODS_ROOT}/Target Support Files/Pods-NakamaTestSwfit/Pods-NakamaTestSwfit-frameworks-${CONFIGURATION}-input-files.xcfilelist",
			);
			name = "[CP] Embed Pods Frameworks";
			outputFileListPaths = (
				"${PODS_ROOT}/Target Support Files/Pods-NakamaTestSwfit/Pods-NakamaTestSwfit-frameworks-${CONFIGURATION}-output-files.xcfilelist",
			);
			runOnlyForDeploymentPostprocessing = 0;
			shellPath = /bin/sh;
			shellScript = "\"${PODS_ROOT}/Target Support Files/Pods-NakamaTestSwfit/Pods-NakamaTestSwfit-frameworks.sh\"\n";
			showEnvVarsInLog = 0;
		};
		BABE4E89AE97284B4DF039A0 /* [CP] Check Pods Manifest.lock */ = {
			isa = PBXShellScriptBuildPhase;
			buildActionMask = 2147483647;
			files = (
			);
			inputFileListPaths = (
			);
			inputPaths = (
				"${PODS_PODFILE_DIR_PATH}/Podfile.lock",
				"${PODS_ROOT}/Manifest.lock",
			);
			name = "[CP] Check Pods Manifest.lock";
			outputFileListPaths = (
			);
			outputPaths = (
				"$(DERIVED_FILE_DIR)/Pods-NakamaTestSwfit-checkManifestLockResult.txt",
			);
			runOnlyForDeploymentPostprocessing = 0;
			shellPath = /bin/sh;
			shellScript = "diff \"${PODS_PODFILE_DIR_PATH}/Podfile.lock\" \"${PODS_ROOT}/Manifest.lock\" > /dev/null\nif [ $? != 0 ] ; then\n    # print error to STDERR\n    echo \"error: The sandbox is not in sync with the Podfile.lock. Run 'pod install' or update your CocoaPods installation.\" >&2\n    exit 1\nfi\n# This output is used by Xcode 'outputs' to avoid re-running this script phase.\necho \"SUCCESS\" > \"${SCRIPT_OUTPUT_FILE_0}\"\n";
			showEnvVarsInLog = 0;
		};
		C7D39B9371C94C43A17C82EE /* [CP] Check Pods Manifest.lock */ = {
			isa = PBXShellScriptBuildPhase;
			buildActionMask = 2147483647;
			files = (
			);
			inputFileListPaths = (
			);
			inputPaths = (
				"${PODS_PODFILE_DIR_PATH}/Podfile.lock",
				"${PODS_ROOT}/Manifest.lock",
			);
			name = "[CP] Check Pods Manifest.lock";
			outputFileListPaths = (
			);
			outputPaths = (
				"$(DERIVED_FILE_DIR)/Pods-NakamaTestSwfit-NakamaTestSwfitUITests-checkManifestLockResult.txt",
			);
			runOnlyForDeploymentPostprocessing = 0;
			shellPath = /bin/sh;
			shellScript = "diff \"${PODS_PODFILE_DIR_PATH}/Podfile.lock\" \"${PODS_ROOT}/Manifest.lock\" > /dev/null\nif [ $? != 0 ] ; then\n    # print error to STDERR\n    echo \"error: The sandbox is not in sync with the Podfile.lock. Run 'pod install' or update your CocoaPods installation.\" >&2\n    exit 1\nfi\n# This output is used by Xcode 'outputs' to avoid re-running this script phase.\necho \"SUCCESS\" > \"${SCRIPT_OUTPUT_FILE_0}\"\n";
			showEnvVarsInLog = 0;
		};
		DC882D0E9D70966919363277 /* [CP] Embed Pods Frameworks */ = {
			isa = PBXShellScriptBuildPhase;
			buildActionMask = 2147483647;
			files = (
			);
			inputFileListPaths = (
				"${PODS_ROOT}/Target Support Files/Pods-NakamaTestSwfit-NakamaTestSwfitUITests/Pods-NakamaTestSwfit-NakamaTestSwfitUITests-frameworks-${CONFIGURATION}-input-files.xcfilelist",
			);
			name = "[CP] Embed Pods Frameworks";
			outputFileListPaths = (
				"${PODS_ROOT}/Target Support Files/Pods-NakamaTestSwfit-NakamaTestSwfitUITests/Pods-NakamaTestSwfit-NakamaTestSwfitUITests-frameworks-${CONFIGURATION}-output-files.xcfilelist",
			);
			runOnlyForDeploymentPostprocessing = 0;
			shellPath = /bin/sh;
			shellScript = "\"${PODS_ROOT}/Target Support Files/Pods-NakamaTestSwfit-NakamaTestSwfitUITests/Pods-NakamaTestSwfit-NakamaTestSwfitUITests-frameworks.sh\"\n";
			showEnvVarsInLog = 0;
		};
		F64BE1182275E5BE10A697C9 /* [CP] Check Pods Manifest.lock */ = {
			isa = PBXShellScriptBuildPhase;
			buildActionMask = 2147483647;
			files = (
			);
			inputFileListPaths = (
			);
			inputPaths = (
				"${PODS_PODFILE_DIR_PATH}/Podfile.lock",
				"${PODS_ROOT}/Manifest.lock",
			);
			name = "[CP] Check Pods Manifest.lock";
			outputFileListPaths = (
			);
			outputPaths = (
				"$(DERIVED_FILE_DIR)/Pods-NakamaTestSwfitTests-checkManifestLockResult.txt",
			);
			runOnlyForDeploymentPostprocessing = 0;
			shellPath = /bin/sh;
			shellScript = "diff \"${PODS_PODFILE_DIR_PATH}/Podfile.lock\" \"${PODS_ROOT}/Manifest.lock\" > /dev/null\nif [ $? != 0 ] ; then\n    # print error to STDERR\n    echo \"error: The sandbox is not in sync with the Podfile.lock. Run 'pod install' or update your CocoaPods installation.\" >&2\n    exit 1\nfi\n# This output is used by Xcode 'outputs' to avoid re-running this script phase.\necho \"SUCCESS\" > \"${SCRIPT_OUTPUT_FILE_0}\"\n";
			showEnvVarsInLog = 0;
		};
/* End PBXShellScriptBuildPhase section */

/* Begin PBXSourcesBuildPhase section */
		9DF38160261E23CC0016E2C9 /* Sources */ = {
			isa = PBXSourcesBuildPhase;
			buildActionMask = 2147483647;
			files = (
				9DF3816C261E23CC0016E2C9 /* ViewController.swift in Sources */,
				9DF38168261E23CC0016E2C9 /* AppDelegate.swift in Sources */,
				9DF38172261E23CC0016E2C9 /* NakamaTestSwfit.xcdatamodeld in Sources */,
				9DF3816A261E23CC0016E2C9 /* SceneDelegate.swift in Sources */,
			);
			runOnlyForDeploymentPostprocessing = 0;
		};
		9DF38179261E23CD0016E2C9 /* Sources */ = {
			isa = PBXSourcesBuildPhase;
			buildActionMask = 2147483647;
			files = (
				9DF38182261E23CD0016E2C9 /* NakamaTestSwfitTests.swift in Sources */,
			);
			runOnlyForDeploymentPostprocessing = 0;
		};
		9DF38184261E23CD0016E2C9 /* Sources */ = {
			isa = PBXSourcesBuildPhase;
			buildActionMask = 2147483647;
			files = (
				9DF3818D261E23CD0016E2C9 /* NakamaTestSwfitUITests.swift in Sources */,
			);
			runOnlyForDeploymentPostprocessing = 0;
		};
/* End PBXSourcesBuildPhase section */

/* Begin PBXTargetDependency section */
		9DF3817F261E23CD0016E2C9 /* PBXTargetDependency */ = {
			isa = PBXTargetDependency;
			target = 9DF38163261E23CC0016E2C9 /* NakamaTestSwfit */;
			targetProxy = 9DF3817E261E23CD0016E2C9 /* PBXContainerItemProxy */;
		};
		9DF3818A261E23CD0016E2C9 /* PBXTargetDependency */ = {
			isa = PBXTargetDependency;
			target = 9DF38163261E23CC0016E2C9 /* NakamaTestSwfit */;
			targetProxy = 9DF38189261E23CD0016E2C9 /* PBXContainerItemProxy */;
		};
/* End PBXTargetDependency section */

/* Begin PBXVariantGroup section */
		9DF3816D261E23CC0016E2C9 /* Main.storyboard */ = {
			isa = PBXVariantGroup;
			children = (
				9DF3816E261E23CC0016E2C9 /* Base */,
			);
			name = Main.storyboard;
			sourceTree = "<group>";
		};
		9DF38175261E23CD0016E2C9 /* LaunchScreen.storyboard */ = {
			isa = PBXVariantGroup;
			children = (
				9DF38176261E23CD0016E2C9 /* Base */,
			);
			name = LaunchScreen.storyboard;
			sourceTree = "<group>";
		};
/* End PBXVariantGroup section */

/* Begin XCBuildConfiguration section */
		9DF3818F261E23CD0016E2C9 /* Debug */ = {
			isa = XCBuildConfiguration;
			buildSettings = {
				ALWAYS_SEARCH_USER_PATHS = NO;
				CLANG_ANALYZER_NONNULL = YES;
				CLANG_ANALYZER_NUMBER_OBJECT_CONVERSION = YES_AGGRESSIVE;
				CLANG_CXX_LANGUAGE_STANDARD = "gnu++14";
				CLANG_CXX_LIBRARY = "libc++";
				CLANG_ENABLE_MODULES = YES;
				CLANG_ENABLE_OBJC_ARC = YES;
				CLANG_ENABLE_OBJC_WEAK = YES;
				CLANG_WARN_BLOCK_CAPTURE_AUTORELEASING = YES;
				CLANG_WARN_BOOL_CONVERSION = YES;
				CLANG_WARN_COMMA = YES;
				CLANG_WARN_CONSTANT_CONVERSION = YES;
				CLANG_WARN_DEPRECATED_OBJC_IMPLEMENTATIONS = YES;
				CLANG_WARN_DIRECT_OBJC_ISA_USAGE = YES_ERROR;
				CLANG_WARN_DOCUMENTATION_COMMENTS = YES;
				CLANG_WARN_EMPTY_BODY = YES;
				CLANG_WARN_ENUM_CONVERSION = YES;
				CLANG_WARN_INFINITE_RECURSION = YES;
				CLANG_WARN_INT_CONVERSION = YES;
				CLANG_WARN_NON_LITERAL_NULL_CONVERSION = YES;
				CLANG_WARN_OBJC_IMPLICIT_RETAIN_SELF = YES;
				CLANG_WARN_OBJC_LITERAL_CONVERSION = YES;
				CLANG_WARN_OBJC_ROOT_CLASS = YES_ERROR;
				CLANG_WARN_QUOTED_INCLUDE_IN_FRAMEWORK_HEADER = YES;
				CLANG_WARN_RANGE_LOOP_ANALYSIS = YES;
				CLANG_WARN_STRICT_PROTOTYPES = YES;
				CLANG_WARN_SUSPICIOUS_MOVE = YES;
				CLANG_WARN_UNGUARDED_AVAILABILITY = YES_AGGRESSIVE;
				CLANG_WARN_UNREACHABLE_CODE = YES;
				CLANG_WARN__DUPLICATE_METHOD_MATCH = YES;
				COPY_PHASE_STRIP = NO;
				DEBUG_INFORMATION_FORMAT = dwarf;
				ENABLE_STRICT_OBJC_MSGSEND = YES;
				ENABLE_TESTABILITY = YES;
				GCC_C_LANGUAGE_STANDARD = gnu11;
				GCC_DYNAMIC_NO_PIC = NO;
				GCC_NO_COMMON_BLOCKS = YES;
				GCC_OPTIMIZATION_LEVEL = 0;
				GCC_PREPROCESSOR_DEFINITIONS = (
					"DEBUG=1",
					"$(inherited)",
				);
				GCC_WARN_64_TO_32_BIT_CONVERSION = YES;
				GCC_WARN_ABOUT_RETURN_TYPE = YES_ERROR;
				GCC_WARN_UNDECLARED_SELECTOR = YES;
				GCC_WARN_UNINITIALIZED_AUTOS = YES_AGGRESSIVE;
				GCC_WARN_UNUSED_FUNCTION = YES;
				GCC_WARN_UNUSED_VARIABLE = YES;
				IPHONEOS_DEPLOYMENT_TARGET = 14.4;
				MTL_ENABLE_DEBUG_INFO = INCLUDE_SOURCE;
				MTL_FAST_MATH = YES;
				ONLY_ACTIVE_ARCH = YES;
				SDKROOT = iphoneos;
				SWIFT_ACTIVE_COMPILATION_CONDITIONS = DEBUG;
				SWIFT_OPTIMIZATION_LEVEL = "-Onone";
			};
			name = Debug;
		};
		9DF38190261E23CD0016E2C9 /* Release */ = {
			isa = XCBuildConfiguration;
			buildSettings = {
				ALWAYS_SEARCH_USER_PATHS = NO;
				CLANG_ANALYZER_NONNULL = YES;
				CLANG_ANALYZER_NUMBER_OBJECT_CONVERSION = YES_AGGRESSIVE;
				CLANG_CXX_LANGUAGE_STANDARD = "gnu++14";
				CLANG_CXX_LIBRARY = "libc++";
				CLANG_ENABLE_MODULES = YES;
				CLANG_ENABLE_OBJC_ARC = YES;
				CLANG_ENABLE_OBJC_WEAK = YES;
				CLANG_WARN_BLOCK_CAPTURE_AUTORELEASING = YES;
				CLANG_WARN_BOOL_CONVERSION = YES;
				CLANG_WARN_COMMA = YES;
				CLANG_WARN_CONSTANT_CONVERSION = YES;
				CLANG_WARN_DEPRECATED_OBJC_IMPLEMENTATIONS = YES;
				CLANG_WARN_DIRECT_OBJC_ISA_USAGE = YES_ERROR;
				CLANG_WARN_DOCUMENTATION_COMMENTS = YES;
				CLANG_WARN_EMPTY_BODY = YES;
				CLANG_WARN_ENUM_CONVERSION = YES;
				CLANG_WARN_INFINITE_RECURSION = YES;
				CLANG_WARN_INT_CONVERSION = YES;
				CLANG_WARN_NON_LITERAL_NULL_CONVERSION = YES;
				CLANG_WARN_OBJC_IMPLICIT_RETAIN_SELF = YES;
				CLANG_WARN_OBJC_LITERAL_CONVERSION = YES;
				CLANG_WARN_OBJC_ROOT_CLASS = YES_ERROR;
				CLANG_WARN_QUOTED_INCLUDE_IN_FRAMEWORK_HEADER = YES;
				CLANG_WARN_RANGE_LOOP_ANALYSIS = YES;
				CLANG_WARN_STRICT_PROTOTYPES = YES;
				CLANG_WARN_SUSPICIOUS_MOVE = YES;
				CLANG_WARN_UNGUARDED_AVAILABILITY = YES_AGGRESSIVE;
				CLANG_WARN_UNREACHABLE_CODE = YES;
				CLANG_WARN__DUPLICATE_METHOD_MATCH = YES;
				COPY_PHASE_STRIP = NO;
				DEBUG_INFORMATION_FORMAT = "dwarf-with-dsym";
				ENABLE_NS_ASSERTIONS = NO;
				ENABLE_STRICT_OBJC_MSGSEND = YES;
				GCC_C_LANGUAGE_STANDARD = gnu11;
				GCC_NO_COMMON_BLOCKS = YES;
				GCC_WARN_64_TO_32_BIT_CONVERSION = YES;
				GCC_WARN_ABOUT_RETURN_TYPE = YES_ERROR;
				GCC_WARN_UNDECLARED_SELECTOR = YES;
				GCC_WARN_UNINITIALIZED_AUTOS = YES_AGGRESSIVE;
				GCC_WARN_UNUSED_FUNCTION = YES;
				GCC_WARN_UNUSED_VARIABLE = YES;
				IPHONEOS_DEPLOYMENT_TARGET = 14.4;
				MTL_ENABLE_DEBUG_INFO = NO;
				MTL_FAST_MATH = YES;
				SDKROOT = iphoneos;
				SWIFT_COMPILATION_MODE = wholemodule;
				SWIFT_OPTIMIZATION_LEVEL = "-O";
				VALIDATE_PRODUCT = YES;
			};
			name = Release;
		};
		9DF38192261E23CD0016E2C9 /* Debug */ = {
			isa = XCBuildConfiguration;
			baseConfigurationReference = F25672D7C9D5306A5C8B661C /* Pods-NakamaTestSwfit.debug.xcconfig */;
			buildSettings = {
				ASSETCATALOG_COMPILER_APPICON_NAME = AppIcon;
				ASSETCATALOG_COMPILER_GLOBAL_ACCENT_COLOR_NAME = AccentColor;
				CODE_SIGN_STYLE = Automatic;
				DEVELOPMENT_TEAM = J7Q7FF7W8X;
				INFOPLIST_FILE = NakamaTestSwfit/Info.plist;
				LD_RUNPATH_SEARCH_PATHS = (
					"$(inherited)",
					"@executable_path/Frameworks",
				);
				PRODUCT_BUNDLE_IDENTIFIER = com.example..NakamaTestSwfit;
				PRODUCT_NAME = "$(TARGET_NAME)";
				SWIFT_VERSION = 5.0;
				TARGETED_DEVICE_FAMILY = "1,2";
			};
			name = Debug;
		};
		9DF38193261E23CD0016E2C9 /* Release */ = {
			isa = XCBuildConfiguration;
			baseConfigurationReference = D68B2D3A67CE0519F5DAEE34 /* Pods-NakamaTestSwfit.release.xcconfig */;
			buildSettings = {
				ASSETCATALOG_COMPILER_APPICON_NAME = AppIcon;
				ASSETCATALOG_COMPILER_GLOBAL_ACCENT_COLOR_NAME = AccentColor;
				CODE_SIGN_STYLE = Automatic;
				DEVELOPMENT_TEAM = J7Q7FF7W8X;
				INFOPLIST_FILE = NakamaTestSwfit/Info.plist;
				LD_RUNPATH_SEARCH_PATHS = (
					"$(inherited)",
					"@executable_path/Frameworks",
				);
				PRODUCT_BUNDLE_IDENTIFIER = com.example..NakamaTestSwfit;
				PRODUCT_NAME = "$(TARGET_NAME)";
				SWIFT_VERSION = 5.0;
				TARGETED_DEVICE_FAMILY = "1,2";
			};
			name = Release;
		};
		9DF38195261E23CD0016E2C9 /* Debug */ = {
			isa = XCBuildConfiguration;
			baseConfigurationReference = 913EF2E9D077763605DC51B4 /* Pods-NakamaTestSwfitTests.debug.xcconfig */;
			buildSettings = {
				ALWAYS_EMBED_SWIFT_STANDARD_LIBRARIES = YES;
				BUNDLE_LOADER = "$(TEST_HOST)";
				CODE_SIGN_STYLE = Automatic;
				DEVELOPMENT_TEAM = J7Q7FF7W8X;
				INFOPLIST_FILE = NakamaTestSwfitTests/Info.plist;
				IPHONEOS_DEPLOYMENT_TARGET = 14.4;
				LD_RUNPATH_SEARCH_PATHS = (
					"$(inherited)",
					"@executable_path/Frameworks",
					"@loader_path/Frameworks",
				);
				PRODUCT_BUNDLE_IDENTIFIER = com.example..NakamaTestSwfitTests;
				PRODUCT_NAME = "$(TARGET_NAME)";
				SWIFT_VERSION = 5.0;
				TARGETED_DEVICE_FAMILY = "1,2";
				TEST_HOST = "$(BUILT_PRODUCTS_DIR)/NakamaTestSwfit.app/NakamaTestSwfit";
			};
			name = Debug;
		};
		9DF38196261E23CD0016E2C9 /* Release */ = {
			isa = XCBuildConfiguration;
			baseConfigurationReference = C47077E5F2D1BDCF769E61E1 /* Pods-NakamaTestSwfitTests.release.xcconfig */;
			buildSettings = {
				ALWAYS_EMBED_SWIFT_STANDARD_LIBRARIES = YES;
				BUNDLE_LOADER = "$(TEST_HOST)";
				CODE_SIGN_STYLE = Automatic;
				DEVELOPMENT_TEAM = J7Q7FF7W8X;
				INFOPLIST_FILE = NakamaTestSwfitTests/Info.plist;
				IPHONEOS_DEPLOYMENT_TARGET = 14.4;
				LD_RUNPATH_SEARCH_PATHS = (
					"$(inherited)",
					"@executable_path/Frameworks",
					"@loader_path/Frameworks",
				);
				PRODUCT_BUNDLE_IDENTIFIER = com.example..NakamaTestSwfitTests;
				PRODUCT_NAME = "$(TARGET_NAME)";
				SWIFT_VERSION = 5.0;
				TARGETED_DEVICE_FAMILY = "1,2";
				TEST_HOST = "$(BUILT_PRODUCTS_DIR)/NakamaTestSwfit.app/NakamaTestSwfit";
			};
			name = Release;
		};
		9DF38198261E23CD0016E2C9 /* Debug */ = {
			isa = XCBuildConfiguration;
			baseConfigurationReference = E2B515883356EFF398D8D769 /* Pods-NakamaTestSwfit-NakamaTestSwfitUITests.debug.xcconfig */;
			buildSettings = {
				ALWAYS_EMBED_SWIFT_STANDARD_LIBRARIES = YES;
				CODE_SIGN_STYLE = Automatic;
				DEVELOPMENT_TEAM = J7Q7FF7W8X;
				INFOPLIST_FILE = NakamaTestSwfitUITests/Info.plist;
				LD_RUNPATH_SEARCH_PATHS = (
					"$(inherited)",
					"@executable_path/Frameworks",
					"@loader_path/Frameworks",
				);
				PRODUCT_BUNDLE_IDENTIFIER = com.example..NakamaTestSwfitUITests;
				PRODUCT_NAME = "$(TARGET_NAME)";
				SWIFT_VERSION = 5.0;
				TARGETED_DEVICE_FAMILY = "1,2";
				TEST_TARGET_NAME = NakamaTestSwfit;
			};
			name = Debug;
		};
		9DF38199261E23CD0016E2C9 /* Release */ = {
			isa = XCBuildConfiguration;
			baseConfigurationReference = 5E8977F32D4D0D5CDF4CD33A /* Pods-NakamaTestSwfit-NakamaTestSwfitUITests.release.xcconfig */;
			buildSettings = {
				ALWAYS_EMBED_SWIFT_STANDARD_LIBRARIES = YES;
				CODE_SIGN_STYLE = Automatic;
				DEVELOPMENT_TEAM = J7Q7FF7W8X;
				INFOPLIST_FILE = NakamaTestSwfitUITests/Info.plist;
				LD_RUNPATH_SEARCH_PATHS = (
					"$(inherited)",
					"@executable_path/Frameworks",
					"@loader_path/Frameworks",
				);
				PRODUCT_BUNDLE_IDENTIFIER = com.example..NakamaTestSwfitUITests;
				PRODUCT_NAME = "$(TARGET_NAME)";
				SWIFT_VERSION = 5.0;
				TARGETED_DEVICE_FAMILY = "1,2";
				TEST_TARGET_NAME = NakamaTestSwfit;
			};
			name = Release;
		};
/* End XCBuildConfiguration section */

/* Begin XCConfigurationList section */
		9DF3815F261E23CC0016E2C9 /* Build configuration list for PBXProject "NakamaTestSwfit" */ = {
			isa = XCConfigurationList;
			buildConfigurations = (
				9DF3818F261E23CD0016E2C9 /* Debug */,
				9DF38190261E23CD0016E2C9 /* Release */,
			);
			defaultConfigurationIsVisible = 0;
			defaultConfigurationName = Release;
		};
		9DF38191261E23CD0016E2C9 /* Build configuration list for PBXNativeTarget "NakamaTestSwfit" */ = {
			isa = XCConfigurationList;
			buildConfigurations = (
				9DF38192261E23CD0016E2C9 /* Debug */,
				9DF38193261E23CD0016E2C9 /* Release */,
			);
			defaultConfigurationIsVisible = 0;
			defaultConfigurationName = Release;
		};
		9DF38194261E23CD0016E2C9 /* Build configuration list for PBXNativeTarget "NakamaTestSwfitTests" */ = {
			isa = XCConfigurationList;
			buildConfigurations = (
				9DF38195261E23CD0016E2C9 /* Debug */,
				9DF38196261E23CD0016E2C9 /* Release */,
			);
			defaultConfigurationIsVisible = 0;
			defaultConfigurationName = Release;
		};
		9DF38197261E23CD0016E2C9 /* Build configuration list for PBXNativeTarget "NakamaTestSwfitUITests" */ = {
			isa = XCConfigurationList;
			buildConfigurations = (
				9DF38198261E23CD0016E2C9 /* Debug */,
				9DF38199261E23CD0016E2C9 /* Release */,
			);
			defaultConfigurationIsVisible = 0;
			defaultConfigurationName = Release;
		};
/* End XCConfigurationList section */

/* Begin XCVersionGroup section */
		9DF38170261E23CC0016E2C9 /* NakamaTestSwfit.xcdatamodeld */ = {
			isa = XCVersionGroup;
			children = (
				9DF38171261E23CC0016E2C9 /* NakamaTestSwfit.xcdatamodel */,
			);
			currentVersion = 9DF38171261E23CC0016E2C9 /* NakamaTestSwfit.xcdatamodel */;
			path = NakamaTestSwfit.xcdatamodeld;
			sourceTree = "<group>";
			versionGroupType = wrapper.xcdatamodel;
		};
/* End XCVersionGroup section */
	};
	rootObject = 9DF3815C261E23CC0016E2C9 /* Project object */;
}
